
Microsoft Visual Studio Solution File, Format Version 12.00
# Visual Studio Version 17
VisualStudioVersion = 17.13.35919.96
MinimumVisualStudioVersion = 10.0.40219.1
Project("{2150E333-8FDC-42A3-9474-1A3956D46DE8}") = "Services", "Services", "{02EA681E-C7D8-13C7-8484-4AC65E1B71E8}"
EndProject
Project("{2150E333-8FDC-42A3-9474-1A3956D46DE8}") = "Gateway", "Gateway", "{EFA712D8-ACF6-40C5-88FE-31CE9ADE3AEF}"
EndProject
Project("{2150E333-8FDC-42A3-9474-1A3956D46DE8}") = "Infrastructure", "Infrastructure", "{5F6EADF4-92D2-4613-BB0A-709F2D4F6A27}"
EndProject
Project("{FAE04EC0-301F-11D3-BF4B-00C04F79EFBC}") = "Insights.Gateway", "Insights.Gateway\Insights.Gateway.csproj", "{1AE02390-458E-4C96-819D-69A46FF56175}"
EndProject
Project("{FAE04EC0-301F-11D3-BF4B-00C04F79EFBC}") = "Insights.Services.CountriesAPI", "Insights.Services.CountriesAPI\Insights.Services.CountriesAPI.csproj", "{0F03E5A2-DBEC-456C-B9FA-D041B5F172F2}"
EndProject
Project("{FAE04EC0-301F-11D3-BF4B-00C04F79EFBC}") = "Insights.Services.CitiesAPI", "Insights.Services.CitiesAPI\Insights.Services.CitiesAPI.csproj", "{68F2835F-413B-4C2F-953C-D309E9FCF6E4}"
EndProject
Project("{FAE04EC0-301F-11D3-BF4B-00C04F79EFBC}") = "Insights.Services.WeatherAPI", "Insights.Services.WeatherAPI\Insights.Services.WeatherAPI.csproj", "{6FB0AEB6-7E34-4DDA-8E1D-54B8C32ADA33}"
EndProject
Project("{FAE04EC0-301F-11D3-BF4B-00C04F79EFBC}") = "Insights.MessageBus", "Insights.ServiceBus\Insights.MessageBus.csproj", "{C38949EA-10BE-4E79-8C46-B5DF46727D17}"
EndProject
Project("{FAE04EC0-301F-11D3-BF4B-00C04F79EFBC}") = "Insights.Services.AuditAPI", "Insights.Services.AuditAPI\Insights.Services.AuditAPI.csproj", "{7CEF2C8C-6685-4143-AC8E-C03C59AB3704}"
EndProject
Project("{FAE04EC0-301F-11D3-BF4B-00C04F79EFBC}") = "Insights.Contracts", "Insights.Contracts\Insights.Contracts.csproj", "{9315C281-D50C-4A02-BD29-31E423A57540}"
EndProject
Project("{FAE04EC0-301F-11D3-BF4B-00C04F79EFBC}") = "Insights.SharedKernel", "Insights.SharedKernel\Insights.SharedKernel.csproj", "{34529B69-3169-4D2D-A79D-EC5F6C0CF339}"
EndProject
Project("{2150E333-8FDC-42A3-9474-1A3956D46DE8}") = "Elementos de la solución", "Elementos de la solución", "{D107F4C8-89CC-BEA8-D3D7-CA6B7733353D}"
	ProjectSection(SolutionItems) = preProject
		lauch-nats.ps1 = lauch-nats.ps1
		nuget.config = nuget.config
	EndProjectSection
EndProject
Project("{2150E333-8FDC-42A3-9474-1A3956D46DE8}") = "nuget-local", "nuget-local", "{8BA1F8D7-CBB1-47CA-84E8-D9A803E8B3F5}"
EndProject
Project("{FAE04EC0-301F-11D3-BF4B-00C04F79EFBC}") = "Insights.AuthAPI", "Insights.AuthAPI\Insights.AuthAPI.csproj", "{8861F1F2-E5F3-4B08-8753-0F47D0041B9D}"
EndProject
Project("{FAE04EC0-301F-11D3-BF4B-00C04F79EFBC}") = "Insights.Services.StatsAPI", "Insights.Services.StatsAPI\Insights.Services.StatsAPI.csproj", "{E1AF23AF-D88C-4075-8ECD-EAEB4ACE7BD1}"
EndProject
Project("{FAE04EC0-301F-11D3-BF4B-00C04F79EFBC}") = "Insights.Domain", "Insights.Domain\Insights.Domain.csproj", "{49CC894B-FE80-429E-B173-B1A8B8A8A359}"
EndProject
Project("{FAE04EC0-301F-11D3-BF4B-00C04F79EFBC}") = "Insights.Infrastructure.Data", "Insights.Infrastructure.Data\Insights.Infrastructure.Data.csproj", "{A5DDB777-C81A-42D2-BC60-D562F0096B88}"
EndProject
Global
	GlobalSection(SolutionConfigurationPlatforms) = preSolution
		Debug|Any CPU = Debug|Any CPU
		Release|Any CPU = Release|Any CPU
	EndGlobalSection
	GlobalSection(ProjectConfigurationPlatforms) = postSolution
		{1AE02390-458E-4C96-819D-69A46FF56175}.Debug|Any CPU.ActiveCfg = Debug|Any CPU
		{1AE02390-458E-4C96-819D-69A46FF56175}.Debug|Any CPU.Build.0 = Debug|Any CPU
		{1AE02390-458E-4C96-819D-69A46FF56175}.Release|Any CPU.ActiveCfg = Release|Any CPU
		{1AE02390-458E-4C96-819D-69A46FF56175}.Release|Any CPU.Build.0 = Release|Any CPU
		{0F03E5A2-DBEC-456C-B9FA-D041B5F172F2}.Debug|Any CPU.ActiveCfg = Debug|Any CPU
		{0F03E5A2-DBEC-456C-B9FA-D041B5F172F2}.Debug|Any CPU.Build.0 = Debug|Any CPU
		{0F03E5A2-DBEC-456C-B9FA-D041B5F172F2}.Release|Any CPU.ActiveCfg = Release|Any CPU
		{0F03E5A2-DBEC-456C-B9FA-D041B5F172F2}.Release|Any CPU.Build.0 = Release|Any CPU
		{68F2835F-413B-4C2F-953C-D309E9FCF6E4}.Debug|Any CPU.ActiveCfg = Debug|Any CPU
		{68F2835F-413B-4C2F-953C-D309E9FCF6E4}.Debug|Any CPU.Build.0 = Debug|Any CPU
		{68F2835F-413B-4C2F-953C-D309E9FCF6E4}.Release|Any CPU.ActiveCfg = Release|Any CPU
		{68F2835F-413B-4C2F-953C-D309E9FCF6E4}.Release|Any CPU.Build.0 = Release|Any CPU
		{6FB0AEB6-7E34-4DDA-8E1D-54B8C32ADA33}.Debug|Any CPU.ActiveCfg = Debug|Any CPU
		{6FB0AEB6-7E34-4DDA-8E1D-54B8C32ADA33}.Debug|Any CPU.Build.0 = Debug|Any CPU
		{6FB0AEB6-7E34-4DDA-8E1D-54B8C32ADA33}.Release|Any CPU.ActiveCfg = Release|Any CPU
		{6FB0AEB6-7E34-4DDA-8E1D-54B8C32ADA33}.Release|Any CPU.Build.0 = Release|Any CPU
		{C38949EA-10BE-4E79-8C46-B5DF46727D17}.Debug|Any CPU.ActiveCfg = Debug|Any CPU
		{C38949EA-10BE-4E79-8C46-B5DF46727D17}.Debug|Any CPU.Build.0 = Debug|Any CPU
		{C38949EA-10BE-4E79-8C46-B5DF46727D17}.Release|Any CPU.ActiveCfg = Release|Any CPU
		{C38949EA-10BE-4E79-8C46-B5DF46727D17}.Release|Any CPU.Build.0 = Release|Any CPU
		{7CEF2C8C-6685-4143-AC8E-C03C59AB3704}.Debug|Any CPU.ActiveCfg = Debug|Any CPU
		{7CEF2C8C-6685-4143-AC8E-C03C59AB3704}.Debug|Any CPU.Build.0 = Debug|Any CPU
		{7CEF2C8C-6685-4143-AC8E-C03C59AB3704}.Release|Any CPU.ActiveCfg = Release|Any CPU
		{7CEF2C8C-6685-4143-AC8E-C03C59AB3704}.Release|Any CPU.Build.0 = Release|Any CPU
		{9315C281-D50C-4A02-BD29-31E423A57540}.Debug|Any CPU.ActiveCfg = Debug|Any CPU
		{9315C281-D50C-4A02-BD29-31E423A57540}.Debug|Any CPU.Build.0 = Debug|Any CPU
		{9315C281-D50C-4A02-BD29-31E423A57540}.Release|Any CPU.ActiveCfg = Release|Any CPU
		{9315C281-D50C-4A02-BD29-31E423A57540}.Release|Any CPU.Build.0 = Release|Any CPU
		{34529B69-3169-4D2D-A79D-EC5F6C0CF339}.Debug|Any CPU.ActiveCfg = Debug|Any CPU
		{34529B69-3169-4D2D-A79D-EC5F6C0CF339}.Debug|Any CPU.Build.0 = Debug|Any CPU
		{34529B69-3169-4D2D-A79D-EC5F6C0CF339}.Release|Any CPU.ActiveCfg = Release|Any CPU
		{34529B69-3169-4D2D-A79D-EC5F6C0CF339}.Release|Any CPU.Build.0 = Release|Any CPU
		{8861F1F2-E5F3-4B08-8753-0F47D0041B9D}.Debug|Any CPU.ActiveCfg = Debug|Any CPU
		{8861F1F2-E5F3-4B08-8753-0F47D0041B9D}.Debug|Any CPU.Build.0 = Debug|Any CPU
		{8861F1F2-E5F3-4B08-8753-0F47D0041B9D}.Release|Any CPU.ActiveCfg = Release|Any CPU
		{8861F1F2-E5F3-4B08-8753-0F47D0041B9D}.Release|Any CPU.Build.0 = Release|Any CPU
		{E1AF23AF-D88C-4075-8ECD-EAEB4ACE7BD1}.Debug|Any CPU.ActiveCfg = Debug|Any CPU
		{E1AF23AF-D88C-4075-8ECD-EAEB4ACE7BD1}.Debug|Any CPU.Build.0 = Debug|Any CPU
		{E1AF23AF-D88C-4075-8ECD-EAEB4ACE7BD1}.Release|Any CPU.ActiveCfg = Release|Any CPU
		{E1AF23AF-D88C-4075-8ECD-EAEB4ACE7BD1}.Release|Any CPU.Build.0 = Release|Any CPU
		{49CC894B-FE80-429E-B173-B1A8B8A8A359}.Debug|Any CPU.ActiveCfg = Debug|Any CPU
		{49CC894B-FE80-429E-B173-B1A8B8A8A359}.Debug|Any CPU.Build.0 = Debug|Any CPU
		{49CC894B-FE80-429E-B173-B1A8B8A8A359}.Release|Any CPU.ActiveCfg = Release|Any CPU
		{49CC894B-FE80-429E-B173-B1A8B8A8A359}.Release|Any CPU.Build.0 = Release|Any CPU
		{A5DDB777-C81A-42D2-BC60-D562F0096B88}.Debug|Any CPU.ActiveCfg = Debug|Any CPU
		{A5DDB777-C81A-42D2-BC60-D562F0096B88}.Debug|Any CPU.Build.0 = Debug|Any CPU
		{A5DDB777-C81A-42D2-BC60-D562F0096B88}.Release|Any CPU.ActiveCfg = Release|Any CPU
		{A5DDB777-C81A-42D2-BC60-D562F0096B88}.Release|Any CPU.Build.0 = Release|Any CPU
	EndGlobalSection
	GlobalSection(SolutionProperties) = preSolution
		HideSolutionNode = FALSE
	EndGlobalSection
	GlobalSection(NestedProjects) = preSolution
		{1AE02390-458E-4C96-819D-69A46FF56175} = {EFA712D8-ACF6-40C5-88FE-31CE9ADE3AEF}
		{0F03E5A2-DBEC-456C-B9FA-D041B5F172F2} = {02EA681E-C7D8-13C7-8484-4AC65E1B71E8}
		{68F2835F-413B-4C2F-953C-D309E9FCF6E4} = {02EA681E-C7D8-13C7-8484-4AC65E1B71E8}
		{6FB0AEB6-7E34-4DDA-8E1D-54B8C32ADA33} = {02EA681E-C7D8-13C7-8484-4AC65E1B71E8}
		{C38949EA-10BE-4E79-8C46-B5DF46727D17} = {5F6EADF4-92D2-4613-BB0A-709F2D4F6A27}
		{7CEF2C8C-6685-4143-AC8E-C03C59AB3704} = {02EA681E-C7D8-13C7-8484-4AC65E1B71E8}
		{9315C281-D50C-4A02-BD29-31E423A57540} = {5F6EADF4-92D2-4613-BB0A-709F2D4F6A27}
		{34529B69-3169-4D2D-A79D-EC5F6C0CF339} = {5F6EADF4-92D2-4613-BB0A-709F2D4F6A27}
		{8861F1F2-E5F3-4B08-8753-0F47D0041B9D} = {5F6EADF4-92D2-4613-BB0A-709F2D4F6A27}
		{E1AF23AF-D88C-4075-8ECD-EAEB4ACE7BD1} = {02EA681E-C7D8-13C7-8484-4AC65E1B71E8}
		{49CC894B-FE80-429E-B173-B1A8B8A8A359} = {5F6EADF4-92D2-4613-BB0A-709F2D4F6A27}
		{A5DDB777-C81A-42D2-BC60-D562F0096B88} = {5F6EADF4-92D2-4613-BB0A-709F2D4F6A27}
	EndGlobalSection
	GlobalSection(ExtensibilityGlobals) = postSolution
		SolutionGuid = {971DE201-BADA-45B7-8F3F-54735064A650}
	EndGlobalSection
EndGlobal

